
Microsoft Visual Studio Solution File, Format Version 12.00
# Visual Studio Version 17
VisualStudioVersion = 17.5.33502.453
MinimumVisualStudioVersion = 10.0.40219.1
Project("{2150E333-8FDC-42A3-9474-1A3956D46DE8}") = "Services", "Services", "{45C85173-65E3-4AA6-ABB0-1817513195B3}"
EndProject
Project("{2150E333-8FDC-42A3-9474-1A3956D46DE8}") = "Catalog", "Catalog", "{9094EF35-F8B9-4EE6-A85F-1DF24ABD8824}"
EndProject
Project("{9A19103F-16F7-4668-BE54-9A1E7A4F7556}") = "FreeCourse.Services.Catalog", "Services\Catalog\FreeCourse.Services.Catalog\FreeCourse.Services.Catalog.csproj", "{B7E961A2-924A-4A65-A8AA-608F6BCE58EA}"
EndProject
Project("{2150E333-8FDC-42A3-9474-1A3956D46DE8}") = "Solution Items", "Solution Items", "{6B4C5800-DD3C-49DD-AE4C-C23CDB0E1330}"
	ProjectSection(SolutionItems) = preProject
		Ports.txt = Ports.txt
	EndProjectSection
EndProject
Project("{2150E333-8FDC-42A3-9474-1A3956D46DE8}") = "Shared", "Shared", "{323483FA-095B-4F46-92C2-7E03EC60B54B}"
EndProject
Project("{9A19103F-16F7-4668-BE54-9A1E7A4F7556}") = "FreeCourse.Shared", "Shared\FreeCourse.Shared\FreeCourse.Shared.csproj", "{24168916-857C-49D9-9287-1CCDC281326B}"
EndProject
Project("{2150E333-8FDC-42A3-9474-1A3956D46DE8}") = "IdentityServer", "IdentityServer", "{5A7FF10C-7F78-4A6F-BD3B-4D2022095F3B}"
EndProject
Project("{9A19103F-16F7-4668-BE54-9A1E7A4F7556}") = "FreeCourse.IdentityServer", "IdentityServer\FreeCourse.IdentityServer\FreeCourse.IdentityServer.csproj", "{388092C9-CAC2-4C00-97F7-8EE99431330A}"
EndProject
Project("{2150E333-8FDC-42A3-9474-1A3956D46DE8}") = "PhotoStock", "PhotoStock", "{D13FDBDA-F4B7-4170-9884-43E3CF58D2D8}"
EndProject
Project("{9A19103F-16F7-4668-BE54-9A1E7A4F7556}") = "FreeCourse.Services.PhotoStock", "Services\PhotoStock\FreeCourse.Services.PhotoStock\FreeCourse.Services.PhotoStock.csproj", "{C4D89870-ECA6-459F-AE09-B539FE2E3A35}"
EndProject
Project("{2150E333-8FDC-42A3-9474-1A3956D46DE8}") = "Basket", "Basket", "{05A0924A-1B62-4BAA-874B-0940365084D8}"
EndProject
Project("{9A19103F-16F7-4668-BE54-9A1E7A4F7556}") = "FreeCourse.Services.Basket", "Services\Basket\FreeCourse.Services.Basket\FreeCourse.Services.Basket.csproj", "{7F4FBA0A-93FD-4352-A3C8-684910EEA291}"
EndProject
Project("{2150E333-8FDC-42A3-9474-1A3956D46DE8}") = "Discount", "Discount", "{4741A5AE-3B04-4DE3-9693-5A1D0A8389E2}"
EndProject
Project("{9A19103F-16F7-4668-BE54-9A1E7A4F7556}") = "FreeCourse.Services.Discount", "Services\Discount\FreeCourse.Services.Discount\FreeCourse.Services.Discount.csproj", "{E9DC6777-D902-4CD5-B04F-532D5D0A6EF5}"
EndProject
Project("{2150E333-8FDC-42A3-9474-1A3956D46DE8}") = "Order", "Order", "{087FF222-B76E-4FA2-84F6-6F1A456DC286}"
EndProject
Project("{9A19103F-16F7-4668-BE54-9A1E7A4F7556}") = "FreeCourse.Services.Order.Api", "Services\Order\FreeCourse.Services.Order.Api\FreeCourse.Services.Order.Api.csproj", "{189A0608-AC72-48B7-A6C0-803B6065B52A}"
EndProject
Project("{9A19103F-16F7-4668-BE54-9A1E7A4F7556}") = "FreeCourse.Services.Order.Application", "Services\Order\FreeCourse.Services.Order.Application\FreeCourse.Services.Order.Application.csproj", "{C71AD278-87AE-4EE9-889D-B5874800E9EF}"
EndProject
Project("{9A19103F-16F7-4668-BE54-9A1E7A4F7556}") = "FreeCourse.Services.Order.Domain", "Services\Order\FreeCourse.Services.Order.Domain\FreeCourse.Services.Order.Domain.csproj", "{6D9CC90D-1EC4-4331-98A9-8AFF44B02CB9}"
EndProject
Project("{9A19103F-16F7-4668-BE54-9A1E7A4F7556}") = "FreeCourse.Services.Order.Domain.Core", "Services\Order\FreeCourse.Services.Order.Domain.Core\FreeCourse.Services.Order.Domain.Core.csproj", "{064AA793-1C56-4875-A5F1-2BB7E93E64BE}"
EndProject
Project("{9A19103F-16F7-4668-BE54-9A1E7A4F7556}") = "FreeCourse.Services.Order.Infrastructure", "Services\Order\FreeCourse.Services.Order.Infrastructure\FreeCourse.Services.Order.Infrastructure.csproj", "{6A6A0C31-3787-41B6-953F-1529FFB169A4}"
EndProject
Project("{2150E333-8FDC-42A3-9474-1A3956D46DE8}") = "FakePayment", "FakePayment", "{3E8B788B-4BDD-452E-894D-F64DD62DE31F}"
EndProject
Project("{9A19103F-16F7-4668-BE54-9A1E7A4F7556}") = "FreeCoruse.Services.FakePayment", "Services\FakePayment\FreeCoruse.Services.FakePayment\FreeCoruse.Services.FakePayment.csproj", "{1DD9498A-A013-410C-B158-97F394609AB1}"
EndProject
Project("{2150E333-8FDC-42A3-9474-1A3956D46DE8}") = "Gateways", "Gateways", "{022536B7-80F3-4133-9074-9EF4D75021CD}"
EndProject
Project("{9A19103F-16F7-4668-BE54-9A1E7A4F7556}") = "FreeCoruse.Gateway", "Gateways\FreeCoruse.Gateway\FreeCoruse.Gateway.csproj", "{11BC483C-99A4-4D0E-AE60-1679D10FCE30}"
EndProject
Project("{2150E333-8FDC-42A3-9474-1A3956D46DE8}") = "Frontends", "Frontends", "{B34576D6-DB39-4510-B141-2EC46762C7B9}"
EndProject
Project("{FAE04EC0-301F-11D3-BF4B-00C04F79EFBC}") = "FreeCourse.Web", "Frontends\FreeCourse.Web\FreeCourse.Web.csproj", "{2BEC3910-ED3D-49C0-8583-800CBCD26058}"
EndProject
Global
	GlobalSection(SolutionConfigurationPlatforms) = preSolution
		Debug|Any CPU = Debug|Any CPU
		Release|Any CPU = Release|Any CPU
	EndGlobalSection
	GlobalSection(ProjectConfigurationPlatforms) = postSolution
		{B7E961A2-924A-4A65-A8AA-608F6BCE58EA}.Debug|Any CPU.ActiveCfg = Debug|Any CPU
		{B7E961A2-924A-4A65-A8AA-608F6BCE58EA}.Debug|Any CPU.Build.0 = Debug|Any CPU
		{B7E961A2-924A-4A65-A8AA-608F6BCE58EA}.Release|Any CPU.ActiveCfg = Release|Any CPU
		{B7E961A2-924A-4A65-A8AA-608F6BCE58EA}.Release|Any CPU.Build.0 = Release|Any CPU
		{24168916-857C-49D9-9287-1CCDC281326B}.Debug|Any CPU.ActiveCfg = Debug|Any CPU
		{24168916-857C-49D9-9287-1CCDC281326B}.Debug|Any CPU.Build.0 = Debug|Any CPU
		{24168916-857C-49D9-9287-1CCDC281326B}.Release|Any CPU.ActiveCfg = Release|Any CPU
		{24168916-857C-49D9-9287-1CCDC281326B}.Release|Any CPU.Build.0 = Release|Any CPU
		{388092C9-CAC2-4C00-97F7-8EE99431330A}.Debug|Any CPU.ActiveCfg = Debug|Any CPU
		{388092C9-CAC2-4C00-97F7-8EE99431330A}.Debug|Any CPU.Build.0 = Debug|Any CPU
		{388092C9-CAC2-4C00-97F7-8EE99431330A}.Release|Any CPU.ActiveCfg = Release|Any CPU
		{388092C9-CAC2-4C00-97F7-8EE99431330A}.Release|Any CPU.Build.0 = Release|Any CPU
		{C4D89870-ECA6-459F-AE09-B539FE2E3A35}.Debug|Any CPU.ActiveCfg = Debug|Any CPU
		{C4D89870-ECA6-459F-AE09-B539FE2E3A35}.Debug|Any CPU.Build.0 = Debug|Any CPU
		{C4D89870-ECA6-459F-AE09-B539FE2E3A35}.Release|Any CPU.ActiveCfg = Release|Any CPU
		{C4D89870-ECA6-459F-AE09-B539FE2E3A35}.Release|Any CPU.Build.0 = Release|Any CPU
		{7F4FBA0A-93FD-4352-A3C8-684910EEA291}.Debug|Any CPU.ActiveCfg = Debug|Any CPU
		{7F4FBA0A-93FD-4352-A3C8-684910EEA291}.Debug|Any CPU.Build.0 = Debug|Any CPU
		{7F4FBA0A-93FD-4352-A3C8-684910EEA291}.Release|Any CPU.ActiveCfg = Release|Any CPU
		{7F4FBA0A-93FD-4352-A3C8-684910EEA291}.Release|Any CPU.Build.0 = Release|Any CPU
		{E9DC6777-D902-4CD5-B04F-532D5D0A6EF5}.Debug|Any CPU.ActiveCfg = Debug|Any CPU
		{E9DC6777-D902-4CD5-B04F-532D5D0A6EF5}.Debug|Any CPU.Build.0 = Debug|Any CPU
		{E9DC6777-D902-4CD5-B04F-532D5D0A6EF5}.Release|Any CPU.ActiveCfg = Release|Any CPU
		{E9DC6777-D902-4CD5-B04F-532D5D0A6EF5}.Release|Any CPU.Build.0 = Release|Any CPU
		{189A0608-AC72-48B7-A6C0-803B6065B52A}.Debug|Any CPU.ActiveCfg = Debug|Any CPU
		{189A0608-AC72-48B7-A6C0-803B6065B52A}.Debug|Any CPU.Build.0 = Debug|Any CPU
		{189A0608-AC72-48B7-A6C0-803B6065B52A}.Release|Any CPU.ActiveCfg = Release|Any CPU
		{189A0608-AC72-48B7-A6C0-803B6065B52A}.Release|Any CPU.Build.0 = Release|Any CPU
		{C71AD278-87AE-4EE9-889D-B5874800E9EF}.Debug|Any CPU.ActiveCfg = Debug|Any CPU
		{C71AD278-87AE-4EE9-889D-B5874800E9EF}.Debug|Any CPU.Build.0 = Debug|Any CPU
		{C71AD278-87AE-4EE9-889D-B5874800E9EF}.Release|Any CPU.ActiveCfg = Release|Any CPU
		{C71AD278-87AE-4EE9-889D-B5874800E9EF}.Release|Any CPU.Build.0 = Release|Any CPU
		{6D9CC90D-1EC4-4331-98A9-8AFF44B02CB9}.Debug|Any CPU.ActiveCfg = Debug|Any CPU
		{6D9CC90D-1EC4-4331-98A9-8AFF44B02CB9}.Debug|Any CPU.Build.0 = Debug|Any CPU
		{6D9CC90D-1EC4-4331-98A9-8AFF44B02CB9}.Release|Any CPU.ActiveCfg = Release|Any CPU
		{6D9CC90D-1EC4-4331-98A9-8AFF44B02CB9}.Release|Any CPU.Build.0 = Release|Any CPU
		{064AA793-1C56-4875-A5F1-2BB7E93E64BE}.Debug|Any CPU.ActiveCfg = Debug|Any CPU
		{064AA793-1C56-4875-A5F1-2BB7E93E64BE}.Debug|Any CPU.Build.0 = Debug|Any CPU
		{064AA793-1C56-4875-A5F1-2BB7E93E64BE}.Release|Any CPU.ActiveCfg = Release|Any CPU
		{064AA793-1C56-4875-A5F1-2BB7E93E64BE}.Release|Any CPU.Build.0 = Release|Any CPU
		{6A6A0C31-3787-41B6-953F-1529FFB169A4}.Debug|Any CPU.ActiveCfg = Debug|Any CPU
		{6A6A0C31-3787-41B6-953F-1529FFB169A4}.Debug|Any CPU.Build.0 = Debug|Any CPU
		{6A6A0C31-3787-41B6-953F-1529FFB169A4}.Release|Any CPU.ActiveCfg = Release|Any CPU
		{6A6A0C31-3787-41B6-953F-1529FFB169A4}.Release|Any CPU.Build.0 = Release|Any CPU
		{1DD9498A-A013-410C-B158-97F394609AB1}.Debug|Any CPU.ActiveCfg = Debug|Any CPU
		{1DD9498A-A013-410C-B158-97F394609AB1}.Debug|Any CPU.Build.0 = Debug|Any CPU
		{1DD9498A-A013-410C-B158-97F394609AB1}.Release|Any CPU.ActiveCfg = Release|Any CPU
		{1DD9498A-A013-410C-B158-97F394609AB1}.Release|Any CPU.Build.0 = Release|Any CPU
		{11BC483C-99A4-4D0E-AE60-1679D10FCE30}.Debug|Any CPU.ActiveCfg = Debug|Any CPU
		{11BC483C-99A4-4D0E-AE60-1679D10FCE30}.Debug|Any CPU.Build.0 = Debug|Any CPU
		{11BC483C-99A4-4D0E-AE60-1679D10FCE30}.Release|Any CPU.ActiveCfg = Release|Any CPU
		{11BC483C-99A4-4D0E-AE60-1679D10FCE30}.Release|Any CPU.Build.0 = Release|Any CPU
		{2BEC3910-ED3D-49C0-8583-800CBCD26058}.Debug|Any CPU.ActiveCfg = Debug|Any CPU
		{2BEC3910-ED3D-49C0-8583-800CBCD26058}.Debug|Any CPU.Build.0 = Debug|Any CPU
		{2BEC3910-ED3D-49C0-8583-800CBCD26058}.Release|Any CPU.ActiveCfg = Release|Any CPU
		{2BEC3910-ED3D-49C0-8583-800CBCD26058}.Release|Any CPU.Build.0 = Release|Any CPU
	EndGlobalSection
	GlobalSection(SolutionProperties) = preSolution
		HideSolutionNode = FALSE
	EndGlobalSection
	GlobalSection(NestedProjects) = preSolution
		{9094EF35-F8B9-4EE6-A85F-1DF24ABD8824} = {45C85173-65E3-4AA6-ABB0-1817513195B3}
		{B7E961A2-924A-4A65-A8AA-608F6BCE58EA} = {9094EF35-F8B9-4EE6-A85F-1DF24ABD8824}
		{24168916-857C-49D9-9287-1CCDC281326B} = {323483FA-095B-4F46-92C2-7E03EC60B54B}
		{388092C9-CAC2-4C00-97F7-8EE99431330A} = {5A7FF10C-7F78-4A6F-BD3B-4D2022095F3B}
		{D13FDBDA-F4B7-4170-9884-43E3CF58D2D8} = {45C85173-65E3-4AA6-ABB0-1817513195B3}
		{C4D89870-ECA6-459F-AE09-B539FE2E3A35} = {D13FDBDA-F4B7-4170-9884-43E3CF58D2D8}
		{05A0924A-1B62-4BAA-874B-0940365084D8} = {45C85173-65E3-4AA6-ABB0-1817513195B3}
		{7F4FBA0A-93FD-4352-A3C8-684910EEA291} = {05A0924A-1B62-4BAA-874B-0940365084D8}
		{4741A5AE-3B04-4DE3-9693-5A1D0A8389E2} = {45C85173-65E3-4AA6-ABB0-1817513195B3}
		{E9DC6777-D902-4CD5-B04F-532D5D0A6EF5} = {4741A5AE-3B04-4DE3-9693-5A1D0A8389E2}
		{087FF222-B76E-4FA2-84F6-6F1A456DC286} = {45C85173-65E3-4AA6-ABB0-1817513195B3}
		{189A0608-AC72-48B7-A6C0-803B6065B52A} = {087FF222-B76E-4FA2-84F6-6F1A456DC286}
		{C71AD278-87AE-4EE9-889D-B5874800E9EF} = {087FF222-B76E-4FA2-84F6-6F1A456DC286}
		{6D9CC90D-1EC4-4331-98A9-8AFF44B02CB9} = {087FF222-B76E-4FA2-84F6-6F1A456DC286}
		{064AA793-1C56-4875-A5F1-2BB7E93E64BE} = {087FF222-B76E-4FA2-84F6-6F1A456DC286}
		{6A6A0C31-3787-41B6-953F-1529FFB169A4} = {087FF222-B76E-4FA2-84F6-6F1A456DC286}
		{3E8B788B-4BDD-452E-894D-F64DD62DE31F} = {45C85173-65E3-4AA6-ABB0-1817513195B3}
		{1DD9498A-A013-410C-B158-97F394609AB1} = {3E8B788B-4BDD-452E-894D-F64DD62DE31F}
		{11BC483C-99A4-4D0E-AE60-1679D10FCE30} = {022536B7-80F3-4133-9074-9EF4D75021CD}
		{2BEC3910-ED3D-49C0-8583-800CBCD26058} = {B34576D6-DB39-4510-B141-2EC46762C7B9}
	EndGlobalSection
	GlobalSection(ExtensibilityGlobals) = postSolution
		SolutionGuid = {C40EE61E-116F-4A45-ABC1-C6FAB99FCE1D}
	EndGlobalSection
EndGlobal
